
Microsoft Visual Studio Solution File, Format Version 12.00
# Visual Studio Version 16
VisualStudioVersion = 16.0.31129.286
MinimumVisualStudioVersion = 10.0.40219.1
Project("{FAE04EC0-301F-11D3-BF4B-00C04F79EFBC}") = "DBResourceManager", "DBResourceManager.csproj", "{5422612E-A6E6-4668-951C-9A44C7333688}"
EndProject
Global
	GlobalSection(SolutionConfigurationPlatforms) = preSolution
		Debug|Any CPU = Debug|Any CPU
		Release|Any CPU = Release|Any CPU
	EndGlobalSection
	GlobalSection(ProjectConfigurationPlatforms) = postSolution
		{5422612E-A6E6-4668-951C-9A44C7333688}.Debug|Any CPU.ActiveCfg = Debug|Any CPU
		{5422612E-A6E6-4668-951C-9A44C7333688}.Debug|Any CPU.Build.0 = Debug|Any CPU
		{5422612E-A6E6-4668-951C-9A44C7333688}.Release|Any CPU.ActiveCfg = Release|Any CPU
		{5422612E-A6E6-4668-951C-9A44C7333688}.Release|Any CPU.Build.0 = Release|Any CPU
	EndGlobalSection
	GlobalSection(SolutionProperties) = preSolution
		HideSolutionNode = FALSE
	EndGlobalSection
	GlobalSection(ExtensibilityGlobals) = postSolution
		SolutionGuid = {129470FC-151E-4B7C-BA7D-C7081F8CC965}
	EndGlobalSection
EndGlobal
